// !$*UTF8*$!
{
	archiveVersion = 1;
	classes = {
	};
	objectVersion = 46;
	objects = {

/* Begin PBXBuildFile section */
		31279D6E1F58EBD900FC4D9B /* Phase2.cpp in Sources */ = {isa = PBXBuildFile; fileRef = 31279D6C1F58EBD900FC4D9B /* Phase2.cpp */; };
		31279D711F63472700FC4D9B /* TIMCoverage.hpp in Sources */ = {isa = PBXBuildFile; fileRef = 31279D701F63472700FC4D9B /* TIMCoverage.hpp */; };
		31279D731F63485200FC4D9B /* TIMCoverageTests.cpp in Sources */ = {isa = PBXBuildFile; fileRef = 31279D721F63485200FC4D9B /* TIMCoverageTests.cpp */; };
		31279D781F6CC18300FC4D9B /* DiffusionTests.cpp in Sources */ = {isa = PBXBuildFile; fileRef = 31279D771F6CC18300FC4D9B /* DiffusionTests.cpp */; };
		313A589D1F4E072300F86148 /* Makefile in Sources */ = {isa = PBXBuildFile; fileRef = 313A589C1F4E072300F86148 /* Makefile */; };
		31A4949B1F510CBF00745401 /* IMTree.cpp in Sources */ = {isa = PBXBuildFile; fileRef = 31A494991F510CBF00745401 /* IMTree.cpp */; };
		31A494A41F55D54700745401 /* catchTest.cpp in Sources */ = {isa = PBXBuildFile; fileRef = 31A494A31F55D54700745401 /* catchTest.cpp */; };
		31A494A61F55D88B00745401 /* main.cpp in Sources */ = {isa = PBXBuildFile; fileRef = 31A494A51F55D88B00745401 /* main.cpp */; };
		31A494A91F55E92700745401 /* EstimateNonTargets.cpp in Sources */ = {isa = PBXBuildFile; fileRef = 31A494A71F55E92700745401 /* EstimateNonTargets.cpp */; };
		31FC36931F354E56005CAFEB /* Graph.cpp in Sources */ = {isa = PBXBuildFile; fileRef = 31FC36911F354E56005CAFEB /* Graph.cpp */; };
/* End PBXBuildFile section */

/* Begin PBXCopyFilesBuildPhase section */
		31FC36851F354892005CAFEB /* CopyFiles */ = {
			isa = PBXCopyFilesBuildPhase;
			buildActionMask = 2147483647;
			dstPath = /usr/share/man/man1/;
			dstSubfolderSpec = 0;
			files = (
			);
			runOnlyForDeploymentPostprocessing = 1;
		};
/* End PBXCopyFilesBuildPhase section */

/* Begin PBXFileReference section */
		31279D6C1F58EBD900FC4D9B /* Phase2.cpp */ = {isa = PBXFileReference; fileEncoding = 4; lastKnownFileType = sourcecode.cpp.cpp; path = Phase2.cpp; sourceTree = "<group>"; };
		31279D6D1F58EBD900FC4D9B /* Phase2.hpp */ = {isa = PBXFileReference; fileEncoding = 4; lastKnownFileType = sourcecode.cpp.h; path = Phase2.hpp; sourceTree = "<group>"; };
		31279D701F63472700FC4D9B /* TIMCoverage.hpp */ = {isa = PBXFileReference; fileEncoding = 4; lastKnownFileType = sourcecode.cpp.h; name = TIMCoverage.hpp; path = "TIM-Models/TIMCoverage.hpp"; sourceTree = "<group>"; };
		31279D721F63485200FC4D9B /* TIMCoverageTests.cpp */ = {isa = PBXFileReference; fileEncoding = 4; lastKnownFileType = sourcecode.cpp.cpp; path = TIMCoverageTests.cpp; sourceTree = "<group>"; };
		31279D751F6CAB3400FC4D9B /* Diffusion.hpp */ = {isa = PBXFileReference; fileEncoding = 4; lastKnownFileType = sourcecode.cpp.h; path = Diffusion.hpp; sourceTree = "<group>"; };
		31279D771F6CC18300FC4D9B /* DiffusionTests.cpp */ = {isa = PBXFileReference; fileEncoding = 4; lastKnownFileType = sourcecode.cpp.cpp; path = DiffusionTests.cpp; sourceTree = "<group>"; };
		31279D791F6F052C00FC4D9B /* json.hpp */ = {isa = PBXFileReference; fileEncoding = 4; lastKnownFileType = sourcecode.cpp.h; path = json.hpp; sourceTree = "<group>"; };
		313A589C1F4E072300F86148 /* Makefile */ = {isa = PBXFileReference; fileEncoding = 4; lastKnownFileType = sourcecode.make; path = Makefile; sourceTree = "<group>"; };
		31A494991F510CBF00745401 /* IMTree.cpp */ = {isa = PBXFileReference; fileEncoding = 4; lastKnownFileType = sourcecode.cpp.cpp; path = IMTree.cpp; sourceTree = "<group>"; };
		31A4949A1F510CBF00745401 /* IMTree.hpp */ = {isa = PBXFileReference; fileEncoding = 4; lastKnownFileType = sourcecode.cpp.h; path = IMTree.hpp; sourceTree = "<group>"; };
		31A494A21F55D54700745401 /* catch.hpp */ = {isa = PBXFileReference; fileEncoding = 4; lastKnownFileType = sourcecode.cpp.h; path = catch.hpp; sourceTree = "<group>"; };
		31A494A31F55D54700745401 /* catchTest.cpp */ = {isa = PBXFileReference; fileEncoding = 4; lastKnownFileType = sourcecode.cpp.cpp; path = catchTest.cpp; sourceTree = "<group>"; };
		31A494A51F55D88B00745401 /* main.cpp */ = {isa = PBXFileReference; fileEncoding = 4; lastKnownFileType = sourcecode.cpp.cpp; path = main.cpp; sourceTree = "<group>"; };
		31A494A71F55E92700745401 /* EstimateNonTargets.cpp */ = {isa = PBXFileReference; fileEncoding = 4; lastKnownFileType = sourcecode.cpp.cpp; path = EstimateNonTargets.cpp; sourceTree = "<group>"; };
		31A494A81F55E92700745401 /* EstimateNonTargets.hpp */ = {isa = PBXFileReference; fileEncoding = 4; lastKnownFileType = sourcecode.cpp.h; path = EstimateNonTargets.hpp; sourceTree = "<group>"; };
		31A494AB1F56095900745401 /* TIMUtility.hpp */ = {isa = PBXFileReference; fileEncoding = 4; lastKnownFileType = sourcecode.cpp.h; path = TIMUtility.hpp; sourceTree = "<group>"; };
		31FC36871F354892005CAFEB /* InfluenceMaximization */ = {isa = PBXFileReference; explicitFileType = "compiled.mach-o.executable"; includeInIndex = 0; path = InfluenceMaximization; sourceTree = BUILT_PRODUCTS_DIR; };
		31FC36911F354E56005CAFEB /* Graph.cpp */ = {isa = PBXFileReference; fileEncoding = 4; lastKnownFileType = sourcecode.cpp.cpp; path = Graph.cpp; sourceTree = "<group>"; };
		31FC36921F354E56005CAFEB /* Graph.hpp */ = {isa = PBXFileReference; fileEncoding = 4; lastKnownFileType = sourcecode.cpp.h; path = Graph.hpp; sourceTree = "<group>"; };
		31FC36941F3556A6005CAFEB /* graphs */ = {isa = PBXFileReference; lastKnownFileType = folder; path = graphs; sourceTree = "<group>"; };
/* End PBXFileReference section */

/* Begin PBXFrameworksBuildPhase section */
		31FC36841F354892005CAFEB /* Frameworks */ = {
			isa = PBXFrameworksBuildPhase;
			buildActionMask = 2147483647;
			files = (
			);
			runOnlyForDeploymentPostprocessing = 0;
		};
/* End PBXFrameworksBuildPhase section */

/* Begin PBXGroup section */
		31279D6F1F63469F00FC4D9B /* TIM-Models */ = {
			isa = PBXGroup;
			children = (
				31279D701F63472700FC4D9B /* TIMCoverage.hpp */,
			);
			name = "TIM-Models";
			sourceTree = "<group>";
		};
		31A494A11F55D54700745401 /* tests */ = {
			isa = PBXGroup;
			children = (
				31A494A21F55D54700745401 /* catch.hpp */,
				31A494A31F55D54700745401 /* catchTest.cpp */,
				31279D721F63485200FC4D9B /* TIMCoverageTests.cpp */,
				31279D771F6CC18300FC4D9B /* DiffusionTests.cpp */,
			);
			path = tests;
			sourceTree = "<group>";
		};
		31FC367E1F354892005CAFEB = {
			isa = PBXGroup;
			children = (
				31A494A51F55D88B00745401 /* main.cpp */,
				31A494A11F55D54700745401 /* tests */,
				313A589C1F4E072300F86148 /* Makefile */,
				31FC36891F354892005CAFEB /* InfluenceMaximization */,
				31FC36881F354892005CAFEB /* Products */,
				31FC36941F3556A6005CAFEB /* graphs */,
			);
			sourceTree = "<group>";
		};
		31FC36881F354892005CAFEB /* Products */ = {
			isa = PBXGroup;
			children = (
				31FC36871F354892005CAFEB /* InfluenceMaximization */,
			);
			name = Products;
			sourceTree = "<group>";
		};
		31FC36891F354892005CAFEB /* InfluenceMaximization */ = {
			isa = PBXGroup;
			children = (
				31279D6F1F63469F00FC4D9B /* TIM-Models */,
				31FC36911F354E56005CAFEB /* Graph.cpp */,
				31FC36921F354E56005CAFEB /* Graph.hpp */,
				31A494991F510CBF00745401 /* IMTree.cpp */,
				31A4949A1F510CBF00745401 /* IMTree.hpp */,
				31A494A71F55E92700745401 /* EstimateNonTargets.cpp */,
				31A494A81F55E92700745401 /* EstimateNonTargets.hpp */,
				31A494AB1F56095900745401 /* TIMUtility.hpp */,
				31279D6C1F58EBD900FC4D9B /* Phase2.cpp */,
				31279D6D1F58EBD900FC4D9B /* Phase2.hpp */,
				31279D751F6CAB3400FC4D9B /* Diffusion.hpp */,
				31279D791F6F052C00FC4D9B /* json.hpp */,
			);
			path = InfluenceMaximization;
			sourceTree = "<group>";
		};
/* End PBXGroup section */

/* Begin PBXNativeTarget section */
		31FC36861F354892005CAFEB /* InfluenceMaximization */ = {
			isa = PBXNativeTarget;
			buildConfigurationList = 31FC368E1F354892005CAFEB /* Build configuration list for PBXNativeTarget "InfluenceMaximization" */;
			buildPhases = (
				31FC36831F354892005CAFEB /* Sources */,
				31FC36841F354892005CAFEB /* Frameworks */,
				31FC36851F354892005CAFEB /* CopyFiles */,
			);
			buildRules = (
			);
			dependencies = (
			);
			name = InfluenceMaximization;
			productName = InfluenceMaximization;
			productReference = 31FC36871F354892005CAFEB /* InfluenceMaximization */;
			productType = "com.apple.product-type.tool";
		};
/* End PBXNativeTarget section */

/* Begin PBXProject section */
		31FC367F1F354892005CAFEB /* Project object */ = {
			isa = PBXProject;
			attributes = {
				LastUpgradeCheck = 0830;
				ORGANIZATIONNAME = "Madhavan R.P";
				TargetAttributes = {
					31FC36861F354892005CAFEB = {
						CreatedOnToolsVersion = 8.3.3;
						ProvisioningStyle = Automatic;
					};
				};
			};
			buildConfigurationList = 31FC36821F354892005CAFEB /* Build configuration list for PBXProject "InfluenceMaximization" */;
			compatibilityVersion = "Xcode 3.2";
			developmentRegion = English;
			hasScannedForEncodings = 0;
			knownRegions = (
				en,
			);
			mainGroup = 31FC367E1F354892005CAFEB;
			productRefGroup = 31FC36881F354892005CAFEB /* Products */;
			projectDirPath = "";
			projectRoot = "";
			targets = (
				31FC36861F354892005CAFEB /* InfluenceMaximization */,
			);
		};
/* End PBXProject section */

/* Begin PBXSourcesBuildPhase section */
		31FC36831F354892005CAFEB /* Sources */ = {
			isa = PBXSourcesBuildPhase;
			buildActionMask = 2147483647;
			files = (
				31A494A41F55D54700745401 /* catchTest.cpp in Sources */,
				313A589D1F4E072300F86148 /* Makefile in Sources */,
				31A494A91F55E92700745401 /* EstimateNonTargets.cpp in Sources */,
				31A4949B1F510CBF00745401 /* IMTree.cpp in Sources */,
				31279D711F63472700FC4D9B /* TIMCoverage.hpp in Sources */,
				31279D6E1F58EBD900FC4D9B /* Phase2.cpp in Sources */,
				31279D731F63485200FC4D9B /* TIMCoverageTests.cpp in Sources */,
				31A494A61F55D88B00745401 /* main.cpp in Sources */,
				31FC36931F354E56005CAFEB /* Graph.cpp in Sources */,
				31279D781F6CC18300FC4D9B /* DiffusionTests.cpp in Sources */,
			);
			runOnlyForDeploymentPostprocessing = 0;
		};
/* End PBXSourcesBuildPhase section */

/* Begin XCBuildConfiguration section */
		31FC368C1F354892005CAFEB /* Debug */ = {
			isa = XCBuildConfiguration;
			buildSettings = {
				ALWAYS_SEARCH_USER_PATHS = NO;
				CLANG_ANALYZER_NONNULL = YES;
				CLANG_ANALYZER_NUMBER_OBJECT_CONVERSION = YES_AGGRESSIVE;
				CLANG_CXX_LANGUAGE_STANDARD = "gnu++0x";
				CLANG_CXX_LIBRARY = "libc++";
				CLANG_ENABLE_MODULES = YES;
				CLANG_ENABLE_OBJC_ARC = YES;
				CLANG_WARN_BOOL_CONVERSION = YES;
				CLANG_WARN_CONSTANT_CONVERSION = YES;
				CLANG_WARN_DIRECT_OBJC_ISA_USAGE = YES_ERROR;
				CLANG_WARN_DOCUMENTATION_COMMENTS = YES;
				CLANG_WARN_EMPTY_BODY = YES;
				CLANG_WARN_ENUM_CONVERSION = YES;
				CLANG_WARN_INFINITE_RECURSION = YES;
				CLANG_WARN_INT_CONVERSION = YES;
				CLANG_WARN_OBJC_ROOT_CLASS = YES_ERROR;
				CLANG_WARN_SUSPICIOUS_MOVE = YES;
				CLANG_WARN_UNREACHABLE_CODE = YES;
				CLANG_WARN__DUPLICATE_METHOD_MATCH = YES;
				CODE_SIGN_IDENTITY = "-";
				COPY_PHASE_STRIP = NO;
				DEBUG_INFORMATION_FORMAT = dwarf;
				ENABLE_STRICT_OBJC_MSGSEND = YES;
				ENABLE_TESTABILITY = YES;
				GCC_C_LANGUAGE_STANDARD = gnu99;
				GCC_DYNAMIC_NO_PIC = NO;
				GCC_NO_COMMON_BLOCKS = YES;
				GCC_OPTIMIZATION_LEVEL = 0;
				GCC_PREPROCESSOR_DEFINITIONS = (
					"DEBUG=1",
					"$(inherited)",
				);
				GCC_WARN_64_TO_32_BIT_CONVERSION = YES;
				GCC_WARN_ABOUT_RETURN_TYPE = YES_ERROR;
				GCC_WARN_UNDECLARED_SELECTOR = YES;
				GCC_WARN_UNINITIALIZED_AUTOS = YES_AGGRESSIVE;
				GCC_WARN_UNUSED_FUNCTION = YES;
				GCC_WARN_UNUSED_VARIABLE = YES;
				MACOSX_DEPLOYMENT_TARGET = 10.12;
				MTL_ENABLE_DEBUG_INFO = YES;
				ONLY_ACTIVE_ARCH = YES;
				SDKROOT = macosx;
			};
			name = Debug;
		};
		31FC368D1F354892005CAFEB /* Release */ = {
			isa = XCBuildConfiguration;
			buildSettings = {
				ALWAYS_SEARCH_USER_PATHS = NO;
				CLANG_ANALYZER_NONNULL = YES;
				CLANG_ANALYZER_NUMBER_OBJECT_CONVERSION = YES_AGGRESSIVE;
				CLANG_CXX_LANGUAGE_STANDARD = "gnu++0x";
				CLANG_CXX_LIBRARY = "libc++";
				CLANG_ENABLE_MODULES = YES;
				CLANG_ENABLE_OBJC_ARC = YES;
				CLANG_WARN_BOOL_CONVERSION = YES;
				CLANG_WARN_CONSTANT_CONVERSION = YES;
				CLANG_WARN_DIRECT_OBJC_ISA_USAGE = YES_ERROR;
				CLANG_WARN_DOCUMENTATION_COMMENTS = YES;
				CLANG_WARN_EMPTY_BODY = YES;
				CLANG_WARN_ENUM_CONVERSION = YES;
				CLANG_WARN_INFINITE_RECURSION = YES;
				CLANG_WARN_INT_CONVERSION = YES;
				CLANG_WARN_OBJC_ROOT_CLASS = YES_ERROR;
				CLANG_WARN_SUSPICIOUS_MOVE = YES;
				CLANG_WARN_UNREACHABLE_CODE = YES;
				CLANG_WARN__DUPLICATE_METHOD_MATCH = YES;
				CODE_SIGN_IDENTITY = "-";
				COPY_PHASE_STRIP = NO;
				DEBUG_INFORMATION_FORMAT = "dwarf-with-dsym";
				ENABLE_NS_ASSERTIONS = NO;
				ENABLE_STRICT_OBJC_MSGSEND = YES;
				GCC_C_LANGUAGE_STANDARD = gnu99;
				GCC_NO_COMMON_BLOCKS = YES;
				GCC_WARN_64_TO_32_BIT_CONVERSION = YES;
				GCC_WARN_ABOUT_RETURN_TYPE = YES_ERROR;
				GCC_WARN_UNDECLARED_SELECTOR = YES;
				GCC_WARN_UNINITIALIZED_AUTOS = YES_AGGRESSIVE;
				GCC_WARN_UNUSED_FUNCTION = YES;
				GCC_WARN_UNUSED_VARIABLE = YES;
				MACOSX_DEPLOYMENT_TARGET = 10.12;
				MTL_ENABLE_DEBUG_INFO = NO;
				SDKROOT = macosx;
			};
			name = Release;
		};
		31FC368F1F354892005CAFEB /* Debug */ = {
			isa = XCBuildConfiguration;
			buildSettings = {
				GCC_VERSION = "";
				PRODUCT_NAME = "$(TARGET_NAME)";
			};
			name = Debug;
		};
		31FC36901F354892005CAFEB /* Release */ = {
			isa = XCBuildConfiguration;
			buildSettings = {
				GCC_VERSION = "";
				PRODUCT_NAME = "$(TARGET_NAME)";
			};
			name = Release;
		};
/* End XCBuildConfiguration section */

/* Begin XCConfigurationList section */
		31FC36821F354892005CAFEB /* Build configuration list for PBXProject "InfluenceMaximization" */ = {
			isa = XCConfigurationList;
			buildConfigurations = (
				31FC368C1F354892005CAFEB /* Debug */,
				31FC368D1F354892005CAFEB /* Release */,
			);
			defaultConfigurationIsVisible = 0;
			defaultConfigurationName = Release;
		};
		31FC368E1F354892005CAFEB /* Build configuration list for PBXNativeTarget "InfluenceMaximization" */ = {
			isa = XCConfigurationList;
			buildConfigurations = (
				31FC368F1F354892005CAFEB /* Debug */,
				31FC36901F354892005CAFEB /* Release */,
			);
			defaultConfigurationIsVisible = 0;
			defaultConfigurationName = Release;
		};
/* End XCConfigurationList section */
	};
	rootObject = 31FC367F1F354892005CAFEB /* Project object */;
}
